
Microsoft Visual Studio Solution File, Format Version 12.00
# Visual Studio Version 17
VisualStudioVersion = 17.0.31903.59
MinimumVisualStudioVersion = 10.0.40219.1
Project("{2150E333-8FDC-42A3-9474-1A3956D46DE8}") = "src", "src", "{A7E14E06-BF3E-485D-B595-E14BC8BFB8B9}"
EndProject
Project("{FAE04EC0-301F-11D3-BF4B-00C04F79EFBC}") = "SBSaaS.Domain", "src\SBSaaS.Domain\SBSaaS.Domain.csproj", "{EBB99A2E-B832-49FD-9CCC-A15C12952FA5}"
EndProject
Project("{FAE04EC0-301F-11D3-BF4B-00C04F79EFBC}") = "SBSaaS.Application", "src\SBSaaS.Application\SBSaaS.Application.csproj", "{5B483564-5010-4145-89AE-4F52C94E692C}"
EndProject
Project("{FAE04EC0-301F-11D3-BF4B-00C04F79EFBC}") = "SBSaaS.Infrastructure", "src\SBSaaS.Infrastructure\SBSaaS.Infrastructure.csproj", "{6F70C784-EF32-4AA4-A600-DBFA59FD46F1}"
EndProject
Project("{FAE04EC0-301F-11D3-BF4B-00C04F79EFBC}") = "SBSaaS.Common", "src\SBSaaS.Common\SBSaaS.Common.csproj", "{2E04AF0A-74D4-4CC0-BDB9-F95E1EDEAE4A}"
EndProject
Project("{FAE04EC0-301F-11D3-BF4B-00C04F79EFBC}") = "SBSaaS.API", "src\SBSaaS.API\SBSaaS.API.csproj", "{6AEED1E6-E1F0-4621-918D-FA62CF38B84B}"
EndProject
Project("{FAE04EC0-301F-11D3-BF4B-00C04F79EFBC}") = "SBSaaS.WebApp", "src\SBSaaS.WebApp\SBSaaS.WebApp.csproj", "{A000F97F-4DDC-47FB-A0CF-4B54F1EEC7D6}"
EndProject
Project("{2150E333-8FDC-42A3-9474-1A3956D46DE8}") = "tests", "tests", "{CAF9A863-5B2E-4F37-826E-0B2E68E726AE}"
EndProject
Project("{FAE04EC0-301F-11D3-BF4B-00C04F79EFBC}") = "SBSaaS.UnitTests", "tests\SBSaaS.UnitTests\SBSaaS.UnitTests.csproj", "{8C8585D7-5B5C-41DF-97FA-DF38D5651D44}"
EndProject
Project("{FAE04EC0-301F-11D3-BF4B-00C04F79EFBC}") = "SBSaaS.IntegrationTests", "tests\SBSaaS.IntegrationTests\SBSaaS.IntegrationTests.csproj", "{3C7C2A33-01C8-4D6C-9FB0-573513040563}"
EndProject
Global
	GlobalSection(SolutionConfigurationPlatforms) = preSolution
		Debug|Any CPU = Debug|Any CPU
		Release|Any CPU = Release|Any CPU
	EndGlobalSection
	GlobalSection(SolutionProperties) = preSolution
		HideSolutionNode = FALSE
	EndGlobalSection
	GlobalSection(ProjectConfigurationPlatforms) = postSolution
		{EBB99A2E-B832-49FD-9CCC-A15C12952FA5}.Debug|Any CPU.ActiveCfg = Debug|Any CPU
		{EBB99A2E-B832-49FD-9CCC-A15C12952FA5}.Debug|Any CPU.Build.0 = Debug|Any CPU
		{EBB99A2E-B832-49FD-9CCC-A15C12952FA5}.Release|Any CPU.ActiveCfg = Release|Any CPU
		{EBB99A2E-B832-49FD-9CCC-A15C12952FA5}.Release|Any CPU.Build.0 = Release|Any CPU
		{5B483564-5010-4145-89AE-4F52C94E692C}.Debug|Any CPU.ActiveCfg = Debug|Any CPU
		{5B483564-5010-4145-89AE-4F52C94E692C}.Debug|Any CPU.Build.0 = Debug|Any CPU
		{5B483564-5010-4145-89AE-4F52C94E692C}.Release|Any CPU.ActiveCfg = Release|Any CPU
		{5B483564-5010-4145-89AE-4F52C94E692C}.Release|Any CPU.Build.0 = Release|Any CPU
		{6F70C784-EF32-4AA4-A600-DBFA59FD46F1}.Debug|Any CPU.ActiveCfg = Debug|Any CPU
		{6F70C784-EF32-4AA4-A600-DBFA59FD46F1}.Debug|Any CPU.Build.0 = Debug|Any CPU
		{6F70C784-EF32-4AA4-A600-DBFA59FD46F1}.Release|Any CPU.ActiveCfg = Release|Any CPU
		{6F70C784-EF32-4AA4-A600-DBFA59FD46F1}.Release|Any CPU.Build.0 = Release|Any CPU
		{2E04AF0A-74D4-4CC0-BDB9-F95E1EDEAE4A}.Debug|Any CPU.ActiveCfg = Debug|Any CPU
		{2E04AF0A-74D4-4CC0-BDB9-F95E1EDEAE4A}.Debug|Any CPU.Build.0 = Debug|Any CPU
		{2E04AF0A-74D4-4CC0-BDB9-F95E1EDEAE4A}.Release|Any CPU.ActiveCfg = Release|Any CPU
		{2E04AF0A-74D4-4CC0-BDB9-F95E1EDEAE4A}.Release|Any CPU.Build.0 = Release|Any CPU
		{6AEED1E6-E1F0-4621-918D-FA62CF38B84B}.Debug|Any CPU.ActiveCfg = Debug|Any CPU
		{6AEED1E6-E1F0-4621-918D-FA62CF38B84B}.Debug|Any CPU.Build.0 = Debug|Any CPU
		{6AEED1E6-E1F0-4621-918D-FA62CF38B84B}.Release|Any CPU.ActiveCfg = Release|Any CPU
		{6AEED1E6-E1F0-4621-918D-FA62CF38B84B}.Release|Any CPU.Build.0 = Release|Any CPU
		{A000F97F-4DDC-47FB-A0CF-4B54F1EEC7D6}.Debug|Any CPU.ActiveCfg = Debug|Any CPU
		{A000F97F-4DDC-47FB-A0CF-4B54F1EEC7D6}.Debug|Any CPU.Build.0 = Debug|Any CPU
		{A000F97F-4DDC-47FB-A0CF-4B54F1EEC7D6}.Release|Any CPU.ActiveCfg = Release|Any CPU
		{A000F97F-4DDC-47FB-A0CF-4B54F1EEC7D6}.Release|Any CPU.Build.0 = Release|Any CPU
		{8C8585D7-5B5C-41DF-97FA-DF38D5651D44}.Debug|Any CPU.ActiveCfg = Debug|Any CPU
		{8C8585D7-5B5C-41DF-97FA-DF38D5651D44}.Debug|Any CPU.Build.0 = Debug|Any CPU
		{8C8585D7-5B5C-41DF-97FA-DF38D5651D44}.Release|Any CPU.ActiveCfg = Release|Any CPU
		{8C8585D7-5B5C-41DF-97FA-DF38D5651D44}.Release|Any CPU.Build.0 = Release|Any CPU
		{3C7C2A33-01C8-4D6C-9FB0-573513040563}.Debug|Any CPU.ActiveCfg = Debug|Any CPU
		{3C7C2A33-01C8-4D6C-9FB0-573513040563}.Debug|Any CPU.Build.0 = Debug|Any CPU
		{3C7C2A33-01C8-4D6C-9FB0-573513040563}.Release|Any CPU.ActiveCfg = Release|Any CPU
		{3C7C2A33-01C8-4D6C-9FB0-573513040563}.Release|Any CPU.Build.0 = Release|Any CPU
	EndGlobalSection
	GlobalSection(NestedProjects) = preSolution
		{EBB99A2E-B832-49FD-9CCC-A15C12952FA5} = {A7E14E06-BF3E-485D-B595-E14BC8BFB8B9}
		{5B483564-5010-4145-89AE-4F52C94E692C} = {A7E14E06-BF3E-485D-B595-E14BC8BFB8B9}
		{6F70C784-EF32-4AA4-A600-DBFA59FD46F1} = {A7E14E06-BF3E-485D-B595-E14BC8BFB8B9}
		{2E04AF0A-74D4-4CC0-BDB9-F95E1EDEAE4A} = {A7E14E06-BF3E-485D-B595-E14BC8BFB8B9}
		{6AEED1E6-E1F0-4621-918D-FA62CF38B84B} = {A7E14E06-BF3E-485D-B595-E14BC8BFB8B9}
		{A000F97F-4DDC-47FB-A0CF-4B54F1EEC7D6} = {A7E14E06-BF3E-485D-B595-E14BC8BFB8B9}
		{8C8585D7-5B5C-41DF-97FA-DF38D5651D44} = {CAF9A863-5B2E-4F37-826E-0B2E68E726AE}
		{3C7C2A33-01C8-4D6C-9FB0-573513040563} = {CAF9A863-5B2E-4F37-826E-0B2E68E726AE}
	EndGlobalSection
EndGlobal
